{
    "_readme": [
        "This file locks the dependencies of your project to a known state",
        "Read more about it at http://getcomposer.org/doc/01-basic-usage.md#composer-lock-the-lock-file"
    ],
    "hash": "e6df3a3b484732e55a85c8f79344e471",
    "packages": [
        {
            "name": "dg/rss-php",
            "version": "dev-master",
            "source": {
                "type": "git",
                "url": "https://github.com/dg/rss-php.git",
                "reference": "da0307f86bacc89cb6ba0e651e5deb5e92d6abdb"
            },
            "type": "library",
            "autoload": {
                "classmap": [
                    "src/"
                ]
            },
            "license": [
                "BSD-3"
            ],
            "authors": [
                {
                    "name": "David Grudl",
                    "homepage": "http://davidgrudl.com"
                }
            ],
            "description": "RSS & Atom Feeds for PHP is a very small and easy-to-use library for consuming an RSS and Atom feed.",
            "homepage": "https://github.com/dg/rss-php",
            "keywords": [
                "atom",
                "feed",
                "rss"
            ],
            "time": "2014-01-17 17:12:40"
        },
        {
            "name": "josephbergevin/scraper-more-faster",
            "version": "dev-master",
            "source": {
                "type": "git",
                "url": "https://github.com/josephbergevin/scraper-more-faster.git",
                "reference": "8911f01c545fcf6c5016a3984e209d871d502828"
            },
            "require": {
                "php": ">=5.3.0"
            },
            "type": "library",
            "authors": [
                {
                    "name": "Joe Bergevin",
                    "role": "Author"
                }
            ],
            "description": "A PHP Web Scraper - Designed for Speed",
            "homepage": "https://github.com/josephbergevin/scraper-more-faster",
            "keywords": [
                "php",
                "scraper",
                "scraping",
                "website"
            ],
            "time": "2013-12-16 16:50:20"
        },
        {
            "name": "psr/log",
            "version": "dev-master",
            "source": {
                "type": "git",
                "url": "https://github.com/php-fig/log.git",
                "reference": "a78d6504ff5d4367497785ab2ade91db3a9fbe11"
            },
            "type": "library",
            "extra": {
                "branch-alias": {
                    "dev-master": "1.0.x-dev"
                }
            },
            "autoload": {
                "psr-0": {
                    "Psr\\Log\\": ""
                }
            },
            "license": [
                "MIT"
            ],
            "authors": [
                {
                    "name": "PHP-FIG",
                    "homepage": "http://www.php-fig.org/"
                }
            ],
            "description": "Common interface for logging libraries",
            "keywords": [
                "log",
                "psr",
                "psr-3"
            ],
            "time": "2014-01-18 15:33:09"
        },
        {
            "name": "zendframework/zend-crypt",
            "version": "2.3.0",
            "target-dir": "Zend/Crypt",
            "source": {
                "type": "git",
                "url": "https://github.com/zendframework/Component_ZendCrypt.git",
                "reference": "ba5becb5adcbcf66c95480f179536b96878133d5"
            },
            "dist": {
                "type": "zip",
                "url": "https://packages.zendframework.com/composer/zendframework-zend-crypt-ba5becb5adcbcf66c95480f179536b96878133d5-zip-386748.zip",
                "reference": "2.3.0",
                "shasum": "6a8bf6879a1df3edbe77a67b656de73d8f369972"
            },
            "require": {
                "php": ">=5.3.23",
                "zendframework/zend-math": "self.version",
                "zendframework/zend-servicemanager": "self.version",
                "zendframework/zend-stdlib": "self.version"
            },
            "type": "library",
            "extra": {
                "branch-alias": {
                    "dev-master": "2.2-dev",
                    "dev-develop": "2.3-dev"
                }
            },
            "autoload": {
                "psr-0": {
                    "Zend\\Crypt\\": ""
                }
            },
            "license": [
                "BSD-3-Clause"
            ],
            "description": " ",
            "keywords": [
                "crypt",
                "zf2"
            ],
            "support": {
                "source": "https://github.com/zendframework/Component_ZendCrypt/tree/release-2.3.0"
            },
            "time": "2014-03-12 17:04:21"
        },
        {
            "name": "zendframework/zend-loader",
            "version": "2.3.0",
            "target-dir": "Zend/Loader",
            "source": {
                "type": "git",
                "url": "https://github.com/zendframework/Component_ZendLoader.git",
                "reference": "517f39de5c547d438556e86c270b384c9dee5b18"
            },
            "dist": {
                "type": "zip",
                "url": "https://packages.zendframework.com/composer/zendframework-zend-loader-517f39de5c547d438556e86c270b384c9dee5b18-zip-dcf282.zip",
                "reference": "2.3.0",
                "shasum": "e0a392dc381433397b2cc7ae46c922815f743d73"
            },
            "require": {
                "php": ">=5.3.23"
            },
            "type": "library",
            "extra": {
                "branch-alias": {
                    "dev-master": "2.2-dev",
                    "dev-develop": "2.3-dev"
                }
            },
            "autoload": {
                "psr-0": {
                    "Zend\\Loader\\": ""
                }
            },
            "license": [
                "BSD-3-Clause"
            ],
            "description": " ",
            "keywords": [
                "loader",
                "zf2"
            ],
            "support": {
                "source": "https://github.com/zendframework/Component_ZendLoader/tree/release-2.3.0"
            },
            "time": "2014-03-14 16:21:32"
        },
        {
            "name": "zendframework/zend-mail",
            "version": "2.3.0",
            "target-dir": "Zend/Mail",
            "source": {
                "type": "git",
                "url": "https://github.com/zendframework/Component_ZendMail.git",
                "reference": "91373a2c7d3db5055467ac88f1981dea74cf3d34"
            },
            "dist": {
                "type": "zip",
                "url": "https://packages.zendframework.com/composer/zendframework-zend-mail-91373a2c7d3db5055467ac88f1981dea74cf3d34-zip-a51b2e.zip",
                "reference": "2.3.0",
                "shasum": "1358b6e546cc09e2cc31c9c9011059d2f87cd7ec"
            },
            "require": {
                "php": ">=5.3.23",
                "zendframework/zend-crypt": "self.version",
                "zendframework/zend-loader": "self.version",
                "zendframework/zend-mime": "self.version",
                "zendframework/zend-stdlib": "self.version"
            },
            "require-dev": {
                "zendframework/zend-servicemanager": "self.version",
                "zendframework/zend-validator": "self.version"
            },
            "suggest": {
                "zendframework/zend-servicemanager": "Zend\\ServiceManager component",
                "zendframework/zend-validator": "Zend\\Validator component"
            },
            "type": "library",
            "extra": {
                "branch-alias": {
                    "dev-master": "2.2-dev",
                    "dev-develop": "2.3-dev"
                }
            },
            "autoload": {
                "psr-0": {
                    "Zend\\Mail\\": ""
                }
            },
            "license": [
                "BSD-3-Clause"
            ],
            "description": "provides generalized functionality to compose and send both text and MIME-compliant multipart e-mail messages",
            "keywords": [
                "mail",
                "zf2"
            ],
            "support": {
                "source": "https://github.com/zendframework/Component_ZendMail/tree/release-2.3.0"
            },
            "time": "2014-03-14 16:21:39"
        },
        {
            "name": "zendframework/zend-math",
            "version": "2.3.0",
            "target-dir": "Zend/Math",
            "source": {
                "type": "git",
                "url": "https://github.com/zendframework/Component_ZendMath.git",
                "reference": "156c107436b43c9bc8679adf6b7af08cf6bd10ce"
            },
            "dist": {
                "type": "zip",
                "url": "https://packages.zendframework.com/composer/zendframework-zend-math-156c107436b43c9bc8679adf6b7af08cf6bd10ce-zip-8e0b1f.zip",
                "reference": "2.3.0",
                "shasum": "a8802a30c9c6109cdef59d2c2ece6fece26696ae"
            },
            "require": {
                "php": ">=5.3.23"
            },
            "suggest": {
                "ext-bcmath": "If using the bcmath functionality",
                "ext-gmp": "If using the gmp functionality",
                "ircmaxell/random-lib": "Fallback random byte generator for Zend\\Math\\Rand if OpenSSL/Mcrypt extensions are unavailable",
                "zendframework/zend-servicemanager": ">= current version, if using the BigInteger::factory functionality"
            },
            "type": "library",
            "extra": {
                "branch-alias": {
                    "dev-master": "2.2-dev",
                    "dev-develop": "2.3-dev"
                }
            },
            "autoload": {
                "psr-0": {
                    "Zend\\Math\\": ""
                }
            },
            "license": [
                "BSD-3-Clause"
            ],
            "description": " ",
            "keywords": [
                "math",
                "zf2"
            ],
            "support": {
                "source": "https://github.com/zendframework/Component_ZendMath/tree/release-2.3.0"
            },
            "time": "2014-03-14 16:21:41"
        },
        {
            "name": "zendframework/zend-mime",
            "version": "2.3.0",
            "target-dir": "Zend/Mime",
            "source": {
                "type": "git",
                "url": "https://github.com/zendframework/Component_ZendMime.git",
                "reference": "0b1827dfb281b718bcbcf9b3d13db13855983740"
            },
            "dist": {
                "type": "zip",
                "url": "https://packages.zendframework.com/composer/zendframework-zend-mime-0b1827dfb281b718bcbcf9b3d13db13855983740-zip-281428.zip",
                "reference": "2.3.0",
                "shasum": "ffadbbbb89a9aa0dfdcdecde174afb824d31c34b"
            },
            "require": {
                "php": ">=5.3.23",
                "zendframework/zend-stdlib": "self.version"
            },
            "require-dev": {
                "zendframework/zend-mail": "self.version"
            },
            "suggest": {
                "zendframework/zend-mail": "Zend\\Mail component"
            },
            "type": "library",
            "extra": {
                "branch-alias": {
                    "dev-master": "2.2-dev",
                    "dev-develop": "2.3-dev"
                }
            },
            "autoload": {
                "psr-0": {
                    "Zend\\Mime\\": ""
                }
            },
            "license": [
                "BSD-3-Clause"
            ],
            "description": " ",
            "keywords": [
                "mime",
                "zf2"
            ],
            "support": {
                "source": "https://github.com/zendframework/Component_ZendMime/tree/release-2.3.0"
            },
            "time": "2014-03-14 16:21:47"
        },
        {
            "name": "zendframework/zend-servicemanager",
            "version": "2.3.0",
            "target-dir": "Zend/ServiceManager",
            "source": {
                "type": "git",
                "url": "https://github.com/zendframework/Component_ZendServiceManager.git",
                "reference": "310187f89fe830ed4484499f78338631f29d25c7"
            },
            "dist": {
                "type": "zip",
                "url": "https://packages.zendframework.com/composer/zendframework-zend-servicemanager-310187f89fe830ed4484499f78338631f29d25c7-zip-8eeecd.zip",
                "reference": "2.3.0",
                "shasum": "386cece378117b3af54d44f3b93ca97ebbdfb894"
            },
            "require": {
                "php": ">=5.3.23"
            },
            "require-dev": {
                "zendframework/zend-di": "self.version"
            },
            "suggest": {
                "zendframework/zend-di": "Zend\\Di component"
            },
            "type": "library",
            "extra": {
                "branch-alias": {
                    "dev-master": "2.2-dev",
                    "dev-develop": "2.3-dev"
                }
            },
            "autoload": {
                "psr-0": {
                    "Zend\\ServiceManager\\": ""
                }
            },
            "license": [
                "BSD-3-Clause"
            ],
            "description": " ",
            "keywords": [
                "servicemanager",
                "zf2"
            ],
            "support": {
                "source": "https://github.com/zendframework/Component_ZendServiceManager/tree/release-2.3.0"
            },
            "time": "2014-03-14 16:22:14"
        },
        {
            "name": "zendframework/zend-stdlib",
            "version": "2.3.0",
            "target-dir": "Zend/Stdlib",
            "source": {
                "type": "git",
                "url": "https://github.com/zendframework/Component_ZendStdlib.git",
                "reference": "d1c481b8a43f2f079b16d3567960ba539e9dacaa"
            },
            "dist": {
                "type": "zip",
                "url": "https://packages.zendframework.com/composer/zendframework-zend-stdlib-d1c481b8a43f2f079b16d3567960ba539e9dacaa-zip-8996b1.zip",
                "reference": "2.3.0",
                "shasum": "12f0c08a5f6bfb859cde9e2c6dd1e6c5086c009b"
            },
            "require": {
                "php": ">=5.3.23"
            },
            "require-dev": {
                "zendframework/zend-eventmanager": "self.version",
                "zendframework/zend-serializer": "self.version",
                "zendframework/zend-servicemanager": "self.version"
            },
            "suggest": {
                "zendframework/zend-eventmanager": "To support aggregate hydrator usage",
                "zendframework/zend-serializer": "Zend\\Serializer component",
                "zendframework/zend-servicemanager": "To support hydrator plugin manager usage"
            },
            "type": "library",
            "extra": {
                "branch-alias": {
                    "dev-master": "2.2-dev",
                    "dev-develop": "2.3-dev"
                }
            },
            "autoload": {
                "psr-0": {
                    "Zend\\Stdlib\\": ""
                }
            },
            "license": [
                "BSD-3-Clause"
            ],
            "description": " ",
            "keywords": [
                "stdlib",
                "zf2"
            ],
            "support": {
                "source": "https://github.com/zendframework/Component_ZendStdlib/tree/release-2.3.0"
            },
            "time": "2014-03-14 16:22:22"
        }
    ],
    "packages-dev": [

    ],
    "aliases": [

    ],
    "minimum-stability": "stable",
    "stability-flags": {
        "josephbergevin/scraper-more-faster": 20,
        "dg/rss-php": 20,
        "psr/log": 20
    },
    "platform": [

    ],
    "platform-dev": [

    ]
}
