{
    "_readme": [
        "This file locks the dependencies of your project to a known state",
        "Read more about it at http://getcomposer.org/doc/01-basic-usage.md#composer-lock-the-lock-file"
    ],
    "hash": "2afbb88ca9baf1c943c4d69777b0311e",
    "packages": [
        {
            "name": "jquery/jquery",
            "version": "1.10.1",
            "dist": {
                "type": "file",
                "url": "http://code.jquery.com/jquery-1.10.1.min.js",
                "reference": null,
                "shasum": null
            },
            "type": "library"
        }
    ],
    "packages-dev": [

    ],
    "aliases": [

    ],
    "minimum-stability": "stable",
    "stability-flags": [

    ],
    "platform": [

    ],
    "platform-dev": [

    ]
}
